github.com/farhansabbir/go-ping v1.0.3 h1:lGI4IKWEDudMEQ5VB+jss84Er6rKdF//rH0d9vATmlo=
github.com/farhansabbir/go-ping v1.0.3/go.mod h1:C5c6XPosUMFlVDtGnJ+6+wQpeLLytiuDBpnhTzSJWfc=
github.com/farhansabbir/go-ping v1.0.4 h1:Yc0Aw8r70YG87VnbtSwoSn9WPzbb0lFEqP2UjEyfkKY=
github.com/farhansabbir/go-ping v1.0.4/go.mod h1:C5c6XPosUMFlVDtGnJ+6+wQpeLLytiuDBpnhTzSJWfc=
github.com/farhansabbir/go-ping v1.0.5 h1:DjPqIhFnJ3QPyNDTnldwEINW79ECgB826wHVOE9RAZ4=
github.com/farhansabbir/go-ping v1.0.5/go.mod h1:C5c6XPosUMFlVDtGnJ+6+wQpeLLytiuDBpnhTzSJWfc=
github.com/farhansabbir/go-ping v1.0.6 h1:8JF1cp0YQXKAMuP27VsptKrYpmVcMI52ElbsE31AlDg=
github.com/farhansabbir/go-ping v1.0.6/go.mod h1:C5c6XPosUMFlVDtGnJ+6+wQpeLLytiuDBpnhTzSJWfc=
golang.org/x/net v0.34.0 h1:Mb7Mrk043xzHgnRM88suvJFwzVrRfHEHJEl5/71CKw0=
golang.org/x/net v0.34.0/go.mod h1:di0qlW3YNM5oh6GqDGQr92MyTozJPmybPK4Ev/Gm31k=
golang.org/x/sys v0.29.0 h1:TPYlXGxvx1MGTn2GiZDhnjPA9wZzZeGKHHmKhHYvgaU=
golang.org/x/sys v0.29.0/go.mod h1:/VUhepiaJMQUp4+oa/7Zr1D23ma6VTLIYjOOTFZPUcA=
